
Microsoft Visual Studio Solution File, Format Version 12.00
# Visual Studio Version 17
VisualStudioVersion = 17.5.33627.172
MinimumVisualStudioVersion = 10.0.40219.1
Project("{9A19103F-16F7-4668-BE54-9A1E7A4F7556}") = "${{ parameters.app_name }}", "src\api\${{ parameters.app_name }}.csproj", "{E1257668-AD0F-436E-8D5F-C7E7DCD5EFDB}"
EndProject
Project("{9A19103F-16F7-4668-BE54-9A1E7A4F7556}") = "${{ parameters.app_name }}Tests", "src\tests\${{ parameters.app_name }}Tests.csproj", "{2BF2C44D-3A27-47EA-9036-EC795CD54263}"
EndProject
Global
	GlobalSection(SolutionConfigurationPlatforms) = preSolution
		Debug|Any CPU = Debug|Any CPU
		Release|Any CPU = Release|Any CPU
	EndGlobalSection
	GlobalSection(ProjectConfigurationPlatforms) = postSolution
		{E1257668-AD0F-436E-8D5F-C7E7DCD5EFDB}.Debug|Any CPU.ActiveCfg = Debug|Any CPU
		{E1257668-AD0F-436E-8D5F-C7E7DCD5EFDB}.Debug|Any CPU.Build.0 = Debug|Any CPU
		{E1257668-AD0F-436E-8D5F-C7E7DCD5EFDB}.Release|Any CPU.ActiveCfg = Release|Any CPU
		{E1257668-AD0F-436E-8D5F-C7E7DCD5EFDB}.Release|Any CPU.Build.0 = Release|Any CPU
		{2BF2C44D-3A27-47EA-9036-EC795CD54263}.Debug|Any CPU.ActiveCfg = Debug|Any CPU
		{2BF2C44D-3A27-47EA-9036-EC795CD54263}.Debug|Any CPU.Build.0 = Debug|Any CPU
		{2BF2C44D-3A27-47EA-9036-EC795CD54263}.Release|Any CPU.ActiveCfg = Release|Any CPU
		{2BF2C44D-3A27-47EA-9036-EC795CD54263}.Release|Any CPU.Build.0 = Release|Any CPU
	EndGlobalSection
	GlobalSection(SolutionProperties) = preSolution
		HideSolutionNode = FALSE
	EndGlobalSection
	GlobalSection(ExtensibilityGlobals) = postSolution
		SolutionGuid = {C93B1C90-E068-4BA8-BBC3-CF6B9A1D0FBC}
	EndGlobalSection
EndGlobal
